// !$*UTF8*$!
{
	archiveVersion = 1;
	classes = {
	};
	objectVersion = 51;
	objects = {

/* Begin PBXBuildFile section */
		1E36659FDCA02122B88D6A74 /* Pods_my_comics.framework in Frameworks */ = {isa = PBXBuildFile; fileRef = F6CF20B19FB2D7CF21016DEB /* Pods_my_comics.framework */; };
		26ECF18C36D24EED1B3D31BE /* Pods_my_comicsTests.framework in Frameworks */ = {isa = PBXBuildFile; fileRef = 35969F2D0D5ED76BC2FD2182 /* Pods_my_comicsTests.framework */; };
		865C35A410555EB42B0A33B2 /* Pods_my_comicsUITests.framework in Frameworks */ = {isa = PBXBuildFile; fileRef = D8937C2F9F89F084B49E19C6 /* Pods_my_comicsUITests.framework */; };
		C650BD7725E2C1EF002F272B /* DateTextView.swift in Sources */ = {isa = PBXBuildFile; fileRef = C650BD7625E2C1EF002F272B /* DateTextView.swift */; };
		C650BD7C25E34993002F272B /* ComicEntity.swift in Sources */ = {isa = PBXBuildFile; fileRef = C650BD7B25E34993002F272B /* ComicEntity.swift */; };
		C650BD7E25E34A12002F272B /* Entity.swift in Sources */ = {isa = PBXBuildFile; fileRef = C650BD7D25E34A12002F272B /* Entity.swift */; };
		C650BD8025E3562A002F272B /* EntityID.swift in Sources */ = {isa = PBXBuildFile; fileRef = C650BD7F25E3562A002F272B /* EntityID.swift */; };
		C65A647D25DC2BAB006C1E05 /* HomeView.swift in Sources */ = {isa = PBXBuildFile; fileRef = C65A647C25DC2BAB006C1E05 /* HomeView.swift */; };
		C65A648125DC41CF006C1E05 /* ComicList.swift in Sources */ = {isa = PBXBuildFile; fileRef = C65A648025DC41CF006C1E05 /* ComicList.swift */; };
		C65A648725DC4282006C1E05 /* ComicRow.swift in Sources */ = {isa = PBXBuildFile; fileRef = C65A648625DC4282006C1E05 /* ComicRow.swift */; };
		C65A648A25DC42BA006C1E05 /* ComicEditView.swift in Sources */ = {isa = PBXBuildFile; fileRef = C65A648925DC42BA006C1E05 /* ComicEditView.swift */; };
		C65A648C25DC42C7006C1E05 /* ComicDetailView.swift in Sources */ = {isa = PBXBuildFile; fileRef = C65A648B25DC42C7006C1E05 /* ComicDetailView.swift */; };
		C65A649025DCACFD006C1E05 /* SearchBar.swift in Sources */ = {isa = PBXBuildFile; fileRef = C65A648F25DCACFD006C1E05 /* SearchBar.swift */; };
		C68AFC7F25DAE3F20005A376 /* my_comicsApp.swift in Sources */ = {isa = PBXBuildFile; fileRef = C68AFC7E25DAE3F20005A376 /* my_comicsApp.swift */; };
		C68AFC8125DAE3F20005A376 /* ContentView.swift in Sources */ = {isa = PBXBuildFile; fileRef = C68AFC8025DAE3F20005A376 /* ContentView.swift */; };
		C68AFC8325DAE3FA0005A376 /* Assets.xcassets in Resources */ = {isa = PBXBuildFile; fileRef = C68AFC8225DAE3FA0005A376 /* Assets.xcassets */; };
		C68AFC8625DAE3FA0005A376 /* Preview Assets.xcassets in Resources */ = {isa = PBXBuildFile; fileRef = C68AFC8525DAE3FA0005A376 /* Preview Assets.xcassets */; };
		C68AFC9125DAE3FB0005A376 /* my_comicsTests.swift in Sources */ = {isa = PBXBuildFile; fileRef = C68AFC9025DAE3FB0005A376 /* my_comicsTests.swift */; };
		C68AFC9C25DAE3FB0005A376 /* my_comicsUITests.swift in Sources */ = {isa = PBXBuildFile; fileRef = C68AFC9B25DAE3FB0005A376 /* my_comicsUITests.swift */; };
/* End PBXBuildFile section */

/* Begin PBXContainerItemProxy section */
		C68AFC8D25DAE3FB0005A376 /* PBXContainerItemProxy */ = {
			isa = PBXContainerItemProxy;
			containerPortal = C68AFC7325DAE3F20005A376 /* Project object */;
			proxyType = 1;
			remoteGlobalIDString = C68AFC7A25DAE3F20005A376;
			remoteInfo = "my-comics";
		};
		C68AFC9825DAE3FB0005A376 /* PBXContainerItemProxy */ = {
			isa = PBXContainerItemProxy;
			containerPortal = C68AFC7325DAE3F20005A376 /* Project object */;
			proxyType = 1;
			remoteGlobalIDString = C68AFC7A25DAE3F20005A376;
			remoteInfo = "my-comics";
		};
/* End PBXContainerItemProxy section */

/* Begin PBXFileReference section */
		35969F2D0D5ED76BC2FD2182 /* Pods_my_comicsTests.framework */ = {isa = PBXFileReference; explicitFileType = wrapper.framework; includeInIndex = 0; path = Pods_my_comicsTests.framework; sourceTree = BUILT_PRODUCTS_DIR; };
		496533BC903F40EEAED41F30 /* Pods-my-comicsUITests.release.xcconfig */ = {isa = PBXFileReference; includeInIndex = 1; lastKnownFileType = text.xcconfig; name = "Pods-my-comicsUITests.release.xcconfig"; path = "Target Support Files/Pods-my-comicsUITests/Pods-my-comicsUITests.release.xcconfig"; sourceTree = "<group>"; };
		5AC4BA92CF0E1B9CEEE3FF96 /* Pods-my-comicsTests.debug.xcconfig */ = {isa = PBXFileReference; includeInIndex = 1; lastKnownFileType = text.xcconfig; name = "Pods-my-comicsTests.debug.xcconfig"; path = "Target Support Files/Pods-my-comicsTests/Pods-my-comicsTests.debug.xcconfig"; sourceTree = "<group>"; };
		76E3C5F359E835295D79E27E /* Pods-my-comicsUITests.debug.xcconfig */ = {isa = PBXFileReference; includeInIndex = 1; lastKnownFileType = text.xcconfig; name = "Pods-my-comicsUITests.debug.xcconfig"; path = "Target Support Files/Pods-my-comicsUITests/Pods-my-comicsUITests.debug.xcconfig"; sourceTree = "<group>"; };
		B8CB67D3BB174F2FFAA8438C /* Pods-my-comics.release.xcconfig */ = {isa = PBXFileReference; includeInIndex = 1; lastKnownFileType = text.xcconfig; name = "Pods-my-comics.release.xcconfig"; path = "Target Support Files/Pods-my-comics/Pods-my-comics.release.xcconfig"; sourceTree = "<group>"; };
		C650BD7625E2C1EF002F272B /* DateTextView.swift */ = {isa = PBXFileReference; lastKnownFileType = sourcecode.swift; path = DateTextView.swift; sourceTree = "<group>"; };
		C650BD7B25E34993002F272B /* ComicEntity.swift */ = {isa = PBXFileReference; lastKnownFileType = sourcecode.swift; path = ComicEntity.swift; sourceTree = "<group>"; };
		C650BD7D25E34A12002F272B /* Entity.swift */ = {isa = PBXFileReference; lastKnownFileType = sourcecode.swift; path = Entity.swift; sourceTree = "<group>"; };
		C650BD7F25E3562A002F272B /* EntityID.swift */ = {isa = PBXFileReference; lastKnownFileType = sourcecode.swift; path = EntityID.swift; sourceTree = "<group>"; };
		C65A647C25DC2BAB006C1E05 /* HomeView.swift */ = {isa = PBXFileReference; lastKnownFileType = sourcecode.swift; path = HomeView.swift; sourceTree = "<group>"; };
		C65A648025DC41CF006C1E05 /* ComicList.swift */ = {isa = PBXFileReference; lastKnownFileType = sourcecode.swift; path = ComicList.swift; sourceTree = "<group>"; };
		C65A648625DC4282006C1E05 /* ComicRow.swift */ = {isa = PBXFileReference; lastKnownFileType = sourcecode.swift; path = ComicRow.swift; sourceTree = "<group>"; };
		C65A648925DC42BA006C1E05 /* ComicEditView.swift */ = {isa = PBXFileReference; lastKnownFileType = sourcecode.swift; path = ComicEditView.swift; sourceTree = "<group>"; };
		C65A648B25DC42C7006C1E05 /* ComicDetailView.swift */ = {isa = PBXFileReference; lastKnownFileType = sourcecode.swift; path = ComicDetailView.swift; sourceTree = "<group>"; };
		C65A648F25DCACFD006C1E05 /* SearchBar.swift */ = {isa = PBXFileReference; lastKnownFileType = sourcecode.swift; path = SearchBar.swift; sourceTree = "<group>"; };
		C68AFC7B25DAE3F20005A376 /* my-comics.app */ = {isa = PBXFileReference; explicitFileType = wrapper.application; includeInIndex = 0; path = "my-comics.app"; sourceTree = BUILT_PRODUCTS_DIR; };
		C68AFC7E25DAE3F20005A376 /* my_comicsApp.swift */ = {isa = PBXFileReference; lastKnownFileType = sourcecode.swift; path = my_comicsApp.swift; sourceTree = "<group>"; };
		C68AFC8025DAE3F20005A376 /* ContentView.swift */ = {isa = PBXFileReference; lastKnownFileType = sourcecode.swift; path = ContentView.swift; sourceTree = "<group>"; };
		C68AFC8225DAE3FA0005A376 /* Assets.xcassets */ = {isa = PBXFileReference; lastKnownFileType = folder.assetcatalog; path = Assets.xcassets; sourceTree = "<group>"; };
		C68AFC8525DAE3FA0005A376 /* Preview Assets.xcassets */ = {isa = PBXFileReference; lastKnownFileType = folder.assetcatalog; path = "Preview Assets.xcassets"; sourceTree = "<group>"; };
		C68AFC8725DAE3FA0005A376 /* Info.plist */ = {isa = PBXFileReference; lastKnownFileType = text.plist.xml; path = Info.plist; sourceTree = "<group>"; };
		C68AFC8C25DAE3FB0005A376 /* my-comicsTests.xctest */ = {isa = PBXFileReference; explicitFileType = wrapper.cfbundle; includeInIndex = 0; path = "my-comicsTests.xctest"; sourceTree = BUILT_PRODUCTS_DIR; };
		C68AFC9025DAE3FB0005A376 /* my_comicsTests.swift */ = {isa = PBXFileReference; lastKnownFileType = sourcecode.swift; path = my_comicsTests.swift; sourceTree = "<group>"; };
		C68AFC9225DAE3FB0005A376 /* Info.plist */ = {isa = PBXFileReference; lastKnownFileType = text.plist.xml; path = Info.plist; sourceTree = "<group>"; };
		C68AFC9725DAE3FB0005A376 /* my-comicsUITests.xctest */ = {isa = PBXFileReference; explicitFileType = wrapper.cfbundle; includeInIndex = 0; path = "my-comicsUITests.xctest"; sourceTree = BUILT_PRODUCTS_DIR; };
		C68AFC9B25DAE3FB0005A376 /* my_comicsUITests.swift */ = {isa = PBXFileReference; lastKnownFileType = sourcecode.swift; path = my_comicsUITests.swift; sourceTree = "<group>"; };
		C68AFC9D25DAE3FB0005A376 /* Info.plist */ = {isa = PBXFileReference; lastKnownFileType = text.plist.xml; path = Info.plist; sourceTree = "<group>"; };
		D507F02937C2CA797A8DDF05 /* Pods-my-comicsTests.release.xcconfig */ = {isa = PBXFileReference; includeInIndex = 1; lastKnownFileType = text.xcconfig; name = "Pods-my-comicsTests.release.xcconfig"; path = "Target Support Files/Pods-my-comicsTests/Pods-my-comicsTests.release.xcconfig"; sourceTree = "<group>"; };
		D8937C2F9F89F084B49E19C6 /* Pods_my_comicsUITests.framework */ = {isa = PBXFileReference; explicitFileType = wrapper.framework; includeInIndex = 0; path = Pods_my_comicsUITests.framework; sourceTree = BUILT_PRODUCTS_DIR; };
		DC017C83E2975D957D0AA2CE /* Pods-my-comics.debug.xcconfig */ = {isa = PBXFileReference; includeInIndex = 1; lastKnownFileType = text.xcconfig; name = "Pods-my-comics.debug.xcconfig"; path = "Target Support Files/Pods-my-comics/Pods-my-comics.debug.xcconfig"; sourceTree = "<group>"; };
		F6CF20B19FB2D7CF21016DEB /* Pods_my_comics.framework */ = {isa = PBXFileReference; explicitFileType = wrapper.framework; includeInIndex = 0; path = Pods_my_comics.framework; sourceTree = BUILT_PRODUCTS_DIR; };
/* End PBXFileReference section */

/* Begin PBXFrameworksBuildPhase section */
		C68AFC7825DAE3F20005A376 /* Frameworks */ = {
			isa = PBXFrameworksBuildPhase;
			buildActionMask = 2147483647;
			files = (
				1E36659FDCA02122B88D6A74 /* Pods_my_comics.framework in Frameworks */,
			);
			runOnlyForDeploymentPostprocessing = 0;
		};
		C68AFC8925DAE3FB0005A376 /* Frameworks */ = {
			isa = PBXFrameworksBuildPhase;
			buildActionMask = 2147483647;
			files = (
				26ECF18C36D24EED1B3D31BE /* Pods_my_comicsTests.framework in Frameworks */,
			);
			runOnlyForDeploymentPostprocessing = 0;
		};
		C68AFC9425DAE3FB0005A376 /* Frameworks */ = {
			isa = PBXFrameworksBuildPhase;
			buildActionMask = 2147483647;
			files = (
				865C35A410555EB42B0A33B2 /* Pods_my_comicsUITests.framework in Frameworks */,
			);
			runOnlyForDeploymentPostprocessing = 0;
		};
/* End PBXFrameworksBuildPhase section */

/* Begin PBXGroup section */
		8089DD6484EAB779CFF7C798 /* Frameworks */ = {
			isa = PBXGroup;
			children = (
				F6CF20B19FB2D7CF21016DEB /* Pods_my_comics.framework */,
				35969F2D0D5ED76BC2FD2182 /* Pods_my_comicsTests.framework */,
				D8937C2F9F89F084B49E19C6 /* Pods_my_comicsUITests.framework */,
			);
			name = Frameworks;
			sourceTree = "<group>";
		};
		8CF1BA0B1360C4DEF9AA8035 /* Pods */ = {
			isa = PBXGroup;
			children = (
				DC017C83E2975D957D0AA2CE /* Pods-my-comics.debug.xcconfig */,
				B8CB67D3BB174F2FFAA8438C /* Pods-my-comics.release.xcconfig */,
				5AC4BA92CF0E1B9CEEE3FF96 /* Pods-my-comicsTests.debug.xcconfig */,
				D507F02937C2CA797A8DDF05 /* Pods-my-comicsTests.release.xcconfig */,
				76E3C5F359E835295D79E27E /* Pods-my-comicsUITests.debug.xcconfig */,
				496533BC903F40EEAED41F30 /* Pods-my-comicsUITests.release.xcconfig */,
			);
			path = Pods;
			sourceTree = "<group>";
		};
		C650BD7825E2E50A002F272B /* Models */ = {
			isa = PBXGroup;
			children = (
				C650BD7A25E3496E002F272B /* Entities */,
			);
			path = Models;
			sourceTree = "<group>";
		};
		C650BD7925E2E512002F272B /* Realm */ = {
			isa = PBXGroup;
			children = (
			);
			path = Realm;
			sourceTree = "<group>";
		};
		C650BD7A25E3496E002F272B /* Entities */ = {
			isa = PBXGroup;
			children = (
				C650BD7B25E34993002F272B /* ComicEntity.swift */,
				C650BD7D25E34A12002F272B /* Entity.swift */,
				C650BD7F25E3562A002F272B /* EntityID.swift */,
			);
			path = Entities;
			sourceTree = "<group>";
		};
		C65A647B25DC2B54006C1E05 /* UI */ = {
			isa = PBXGroup;
			children = (
				C65A648E25DCACCE006C1E05 /* Common */,
				C65A647F25DC41AA006C1E05 /* Comic */,
				C65A647E25DC40F4006C1E05 /* Home */,
			);
			path = UI;
			sourceTree = "<group>";
		};
		C65A647E25DC40F4006C1E05 /* Home */ = {
			isa = PBXGroup;
			children = (
				C65A647C25DC2BAB006C1E05 /* HomeView.swift */,
			);
			path = Home;
			sourceTree = "<group>";
		};
		C65A647F25DC41AA006C1E05 /* Comic */ = {
			isa = PBXGroup;
			children = (
				C65A648525DC423C006C1E05 /* Edit */,
				C65A648D25DC436F006C1E05 /*  List */,
				C65A648425DC4234006C1E05 /* Detail */,
			);
			path = Comic;
			sourceTree = "<group>";
		};
		C65A648425DC4234006C1E05 /* Detail */ = {
			isa = PBXGroup;
			children = (
				C65A648B25DC42C7006C1E05 /* ComicDetailView.swift */,
			);
			path = Detail;
			sourceTree = "<group>";
		};
		C65A648525DC423C006C1E05 /* Edit */ = {
			isa = PBXGroup;
			children = (
				C65A648925DC42BA006C1E05 /* ComicEditView.swift */,
			);
			path = Edit;
			sourceTree = "<group>";
		};
		C65A648D25DC436F006C1E05 /*  List */ = {
			isa = PBXGroup;
			children = (
				C65A648625DC4282006C1E05 /* ComicRow.swift */,
				C65A648025DC41CF006C1E05 /* ComicList.swift */,
			);
			path = " List";
			sourceTree = "<group>";
		};
		C65A648E25DCACCE006C1E05 /* Common */ = {
			isa = PBXGroup;
			children = (
				C65A648F25DCACFD006C1E05 /* SearchBar.swift */,
				C650BD7625E2C1EF002F272B /* DateTextView.swift */,
			);
			path = Common;
			sourceTree = "<group>";
		};
		C68AFC7225DAE3F20005A376 = {
			isa = PBXGroup;
			children = (
				C68AFC7D25DAE3F20005A376 /* my-comics */,
				C68AFC8F25DAE3FB0005A376 /* my-comicsTests */,
				C68AFC9A25DAE3FB0005A376 /* my-comicsUITests */,
				C68AFC7C25DAE3F20005A376 /* Products */,
				8CF1BA0B1360C4DEF9AA8035 /* Pods */,
				8089DD6484EAB779CFF7C798 /* Frameworks */,
			);
			sourceTree = "<group>";
		};
		C68AFC7C25DAE3F20005A376 /* Products */ = {
			isa = PBXGroup;
			children = (
				C68AFC7B25DAE3F20005A376 /* my-comics.app */,
				C68AFC8C25DAE3FB0005A376 /* my-comicsTests.xctest */,
				C68AFC9725DAE3FB0005A376 /* my-comicsUITests.xctest */,
			);
			name = Products;
			sourceTree = "<group>";
		};
		C68AFC7D25DAE3F20005A376 /* my-comics */ = {
			isa = PBXGroup;
			children = (
				C650BD7925E2E512002F272B /* Realm */,
				C650BD7825E2E50A002F272B /* Models */,
				C65A647B25DC2B54006C1E05 /* UI */,
				C68AFC7E25DAE3F20005A376 /* my_comicsApp.swift */,
				C68AFC8025DAE3F20005A376 /* ContentView.swift */,
				C68AFC8225DAE3FA0005A376 /* Assets.xcassets */,
				C68AFC8725DAE3FA0005A376 /* Info.plist */,
				C68AFC8425DAE3FA0005A376 /* Preview Content */,
			);
			path = "my-comics";
			sourceTree = "<group>";
		};
		C68AFC8425DAE3FA0005A376 /* Preview Content */ = {
			isa = PBXGroup;
			children = (
				C68AFC8525DAE3FA0005A376 /* Preview Assets.xcassets */,
			);
			path = "Preview Content";
			sourceTree = "<group>";
		};
		C68AFC8F25DAE3FB0005A376 /* my-comicsTests */ = {
			isa = PBXGroup;
			children = (
				C68AFC9025DAE3FB0005A376 /* my_comicsTests.swift */,
				C68AFC9225DAE3FB0005A376 /* Info.plist */,
			);
			path = "my-comicsTests";
			sourceTree = "<group>";
		};
		C68AFC9A25DAE3FB0005A376 /* my-comicsUITests */ = {
			isa = PBXGroup;
			children = (
				C68AFC9B25DAE3FB0005A376 /* my_comicsUITests.swift */,
				C68AFC9D25DAE3FB0005A376 /* Info.plist */,
			);
			path = "my-comicsUITests";
			sourceTree = "<group>";
		};
/* End PBXGroup section */

/* Begin PBXNativeTarget section */
		C68AFC7A25DAE3F20005A376 /* my-comics */ = {
			isa = PBXNativeTarget;
			buildConfigurationList = C68AFCA025DAE3FB0005A376 /* Build configuration list for PBXNativeTarget "my-comics" */;
			buildPhases = (
				61A8EE655F102BEC419099EB /* [CP] Check Pods Manifest.lock */,
				C68AFC7725DAE3F20005A376 /* Sources */,
				C68AFC7825DAE3F20005A376 /* Frameworks */,
				C68AFC7925DAE3F20005A376 /* Resources */,
				F2F20118792451937DE45305 /* [CP] Embed Pods Frameworks */,
			);
			buildRules = (
			);
			dependencies = (
			);
			name = "my-comics";
			productName = "my-comics";
			productReference = C68AFC7B25DAE3F20005A376 /* my-comics.app */;
			productType = "com.apple.product-type.application";
		};
		C68AFC8B25DAE3FB0005A376 /* my-comicsTests */ = {
			isa = PBXNativeTarget;
			buildConfigurationList = C68AFCA325DAE3FB0005A376 /* Build configuration list for PBXNativeTarget "my-comicsTests" */;
			buildPhases = (
				F489F374EF6D811B38E63378 /* [CP] Check Pods Manifest.lock */,
				C68AFC8825DAE3FB0005A376 /* Sources */,
				C68AFC8925DAE3FB0005A376 /* Frameworks */,
				C68AFC8A25DAE3FB0005A376 /* Resources */,
			);
			buildRules = (
			);
			dependencies = (
				C68AFC8E25DAE3FB0005A376 /* PBXTargetDependency */,
			);
			name = "my-comicsTests";
			productName = "my-comicsTests";
			productReference = C68AFC8C25DAE3FB0005A376 /* my-comicsTests.xctest */;
			productType = "com.apple.product-type.bundle.unit-test";
		};
		C68AFC9625DAE3FB0005A376 /* my-comicsUITests */ = {
			isa = PBXNativeTarget;
			buildConfigurationList = C68AFCA625DAE3FB0005A376 /* Build configuration list for PBXNativeTarget "my-comicsUITests" */;
			buildPhases = (
				074C0FFE22A96DF0F02D21F6 /* [CP] Check Pods Manifest.lock */,
				C68AFC9325DAE3FB0005A376 /* Sources */,
				C68AFC9425DAE3FB0005A376 /* Frameworks */,
				C68AFC9525DAE3FB0005A376 /* Resources */,
			);
			buildRules = (
			);
			dependencies = (
				C68AFC9925DAE3FB0005A376 /* PBXTargetDependency */,
			);
			name = "my-comicsUITests";
			productName = "my-comicsUITests";
			productReference = C68AFC9725DAE3FB0005A376 /* my-comicsUITests.xctest */;
			productType = "com.apple.product-type.bundle.ui-testing";
		};
/* End PBXNativeTarget section */

/* Begin PBXProject section */
		C68AFC7325DAE3F20005A376 /* Project object */ = {
			isa = PBXProject;
			attributes = {
				LastSwiftUpdateCheck = 1200;
				LastUpgradeCheck = 1200;
				TargetAttributes = {
					C68AFC7A25DAE3F20005A376 = {
						CreatedOnToolsVersion = 12.0;
					};
					C68AFC8B25DAE3FB0005A376 = {
						CreatedOnToolsVersion = 12.0;
						TestTargetID = C68AFC7A25DAE3F20005A376;
					};
					C68AFC9625DAE3FB0005A376 = {
						CreatedOnToolsVersion = 12.0;
						TestTargetID = C68AFC7A25DAE3F20005A376;
					};
				};
			};
			buildConfigurationList = C68AFC7625DAE3F20005A376 /* Build configuration list for PBXProject "my-comics" */;
			compatibilityVersion = "Xcode 9.3";
			developmentRegion = en;
			hasScannedForEncodings = 0;
			knownRegions = (
				en,
				Base,
			);
			mainGroup = C68AFC7225DAE3F20005A376;
			productRefGroup = C68AFC7C25DAE3F20005A376 /* Products */;
			projectDirPath = "";
			projectRoot = "";
			targets = (
				C68AFC7A25DAE3F20005A376 /* my-comics */,
				C68AFC8B25DAE3FB0005A376 /* my-comicsTests */,
				C68AFC9625DAE3FB0005A376 /* my-comicsUITests */,
			);
		};
/* End PBXProject section */

/* Begin PBXResourcesBuildPhase section */
		C68AFC7925DAE3F20005A376 /* Resources */ = {
			isa = PBXResourcesBuildPhase;
			buildActionMask = 2147483647;
			files = (
				C68AFC8625DAE3FA0005A376 /* Preview Assets.xcassets in Resources */,
				C68AFC8325DAE3FA0005A376 /* Assets.xcassets in Resources */,
			);
			runOnlyForDeploymentPostprocessing = 0;
		};
		C68AFC8A25DAE3FB0005A376 /* Resources */ = {
			isa = PBXResourcesBuildPhase;
			buildActionMask = 2147483647;
			files = (
			);
			runOnlyForDeploymentPostprocessing = 0;
		};
		C68AFC9525DAE3FB0005A376 /* Resources */ = {
			isa = PBXResourcesBuildPhase;
			buildActionMask = 2147483647;
			files = (
			);
			runOnlyForDeploymentPostprocessing = 0;
		};
/* End PBXResourcesBuildPhase section */

/* Begin PBXShellScriptBuildPhase section */
		074C0FFE22A96DF0F02D21F6 /* [CP] Check Pods Manifest.lock */ = {
			isa = PBXShellScriptBuildPhase;
			buildActionMask = 2147483647;
			files = (
			);
			inputFileListPaths = (
			);
			inputPaths = (
				"${PODS_PODFILE_DIR_PATH}/Podfile.lock",
				"${PODS_ROOT}/Manifest.lock",
			);
			name = "[CP] Check Pods Manifest.lock";
			outputFileListPaths = (
			);
			outputPaths = (
				"$(DERIVED_FILE_DIR)/Pods-my-comicsUITests-checkManifestLockResult.txt",
			);
			runOnlyForDeploymentPostprocessing = 0;
			shellPath = /bin/sh;
			shellScript = "diff \"${PODS_PODFILE_DIR_PATH}/Podfile.lock\" \"${PODS_ROOT}/Manifest.lock\" > /dev/null\nif [ $? != 0 ] ; then\n    # print error to STDERR\n    echo \"error: The sandbox is not in sync with the Podfile.lock. Run 'pod install' or update your CocoaPods installation.\" >&2\n    exit 1\nfi\n# This output is used by Xcode 'outputs' to avoid re-running this script phase.\necho \"SUCCESS\" > \"${SCRIPT_OUTPUT_FILE_0}\"\n";
			showEnvVarsInLog = 0;
		};
		61A8EE655F102BEC419099EB /* [CP] Check Pods Manifest.lock */ = {
			isa = PBXShellScriptBuildPhase;
			buildActionMask = 2147483647;
			files = (
			);
			inputFileListPaths = (
			);
			inputPaths = (
				"${PODS_PODFILE_DIR_PATH}/Podfile.lock",
				"${PODS_ROOT}/Manifest.lock",
			);
			name = "[CP] Check Pods Manifest.lock";
			outputFileListPaths = (
			);
			outputPaths = (
				"$(DERIVED_FILE_DIR)/Pods-my-comics-checkManifestLockResult.txt",
			);
			runOnlyForDeploymentPostprocessing = 0;
			shellPath = /bin/sh;
			shellScript = "diff \"${PODS_PODFILE_DIR_PATH}/Podfile.lock\" \"${PODS_ROOT}/Manifest.lock\" > /dev/null\nif [ $? != 0 ] ; then\n    # print error to STDERR\n    echo \"error: The sandbox is not in sync with the Podfile.lock. Run 'pod install' or update your CocoaPods installation.\" >&2\n    exit 1\nfi\n# This output is used by Xcode 'outputs' to avoid re-running this script phase.\necho \"SUCCESS\" > \"${SCRIPT_OUTPUT_FILE_0}\"\n";
			showEnvVarsInLog = 0;
		};
		F2F20118792451937DE45305 /* [CP] Embed Pods Frameworks */ = {
			isa = PBXShellScriptBuildPhase;
			buildActionMask = 2147483647;
			files = (
			);
			inputFileListPaths = (
				"${PODS_ROOT}/Target Support Files/Pods-my-comics/Pods-my-comics-frameworks-${CONFIGURATION}-input-files.xcfilelist",
			);
			name = "[CP] Embed Pods Frameworks";
			outputFileListPaths = (
				"${PODS_ROOT}/Target Support Files/Pods-my-comics/Pods-my-comics-frameworks-${CONFIGURATION}-output-files.xcfilelist",
			);
			runOnlyForDeploymentPostprocessing = 0;
			shellPath = /bin/sh;
			shellScript = "\"${PODS_ROOT}/Target Support Files/Pods-my-comics/Pods-my-comics-frameworks.sh\"\n";
			showEnvVarsInLog = 0;
		};
		F489F374EF6D811B38E63378 /* [CP] Check Pods Manifest.lock */ = {
			isa = PBXShellScriptBuildPhase;
			buildActionMask = 2147483647;
			files = (
			);
			inputFileListPaths = (
			);
			inputPaths = (
				"${PODS_PODFILE_DIR_PATH}/Podfile.lock",
				"${PODS_ROOT}/Manifest.lock",
			);
			name = "[CP] Check Pods Manifest.lock";
			outputFileListPaths = (
			);
			outputPaths = (
				"$(DERIVED_FILE_DIR)/Pods-my-comicsTests-checkManifestLockResult.txt",
			);
			runOnlyForDeploymentPostprocessing = 0;
			shellPath = /bin/sh;
			shellScript = "diff \"${PODS_PODFILE_DIR_PATH}/Podfile.lock\" \"${PODS_ROOT}/Manifest.lock\" > /dev/null\nif [ $? != 0 ] ; then\n    # print error to STDERR\n    echo \"error: The sandbox is not in sync with the Podfile.lock. Run 'pod install' or update your CocoaPods installation.\" >&2\n    exit 1\nfi\n# This output is used by Xcode 'outputs' to avoid re-running this script phase.\necho \"SUCCESS\" > \"${SCRIPT_OUTPUT_FILE_0}\"\n";
			showEnvVarsInLog = 0;
		};
/* End PBXShellScriptBuildPhase section */

/* Begin PBXSourcesBuildPhase section */
		C68AFC7725DAE3F20005A376 /* Sources */ = {
			isa = PBXSourcesBuildPhase;
			buildActionMask = 2147483647;
			files = (
				C65A648125DC41CF006C1E05 /* ComicList.swift in Sources */,
				C65A647D25DC2BAB006C1E05 /* HomeView.swift in Sources */,
				C65A648A25DC42BA006C1E05 /* ComicEditView.swift in Sources */,
				C650BD7725E2C1EF002F272B /* DateTextView.swift in Sources */,
				C68AFC8125DAE3F20005A376 /* ContentView.swift in Sources */,
				C65A648725DC4282006C1E05 /* ComicRow.swift in Sources */,
				C65A649025DCACFD006C1E05 /* SearchBar.swift in Sources */,
				C650BD7E25E34A12002F272B /* Entity.swift in Sources */,
				C65A648C25DC42C7006C1E05 /* ComicDetailView.swift in Sources */,
				C650BD7C25E34993002F272B /* ComicEntity.swift in Sources */,
				C68AFC7F25DAE3F20005A376 /* my_comicsApp.swift in Sources */,
				C650BD8025E3562A002F272B /* EntityID.swift in Sources */,
			);
			runOnlyForDeploymentPostprocessing = 0;
		};
		C68AFC8825DAE3FB0005A376 /* Sources */ = {
			isa = PBXSourcesBuildPhase;
			buildActionMask = 2147483647;
			files = (
				C68AFC9125DAE3FB0005A376 /* my_comicsTests.swift in Sources */,
			);
			runOnlyForDeploymentPostprocessing = 0;
		};
		C68AFC9325DAE3FB0005A376 /* Sources */ = {
			isa = PBXSourcesBuildPhase;
			buildActionMask = 2147483647;
			files = (
				C68AFC9C25DAE3FB0005A376 /* my_comicsUITests.swift in Sources */,
			);
			runOnlyForDeploymentPostprocessing = 0;
		};
/* End PBXSourcesBuildPhase section */

/* Begin PBXTargetDependency section */
		C68AFC8E25DAE3FB0005A376 /* PBXTargetDependency */ = {
			isa = PBXTargetDependency;
			target = C68AFC7A25DAE3F20005A376 /* my-comics */;
			targetProxy = C68AFC8D25DAE3FB0005A376 /* PBXContainerItemProxy */;
		};
		C68AFC9925DAE3FB0005A376 /* PBXTargetDependency */ = {
			isa = PBXTargetDependency;
			target = C68AFC7A25DAE3F20005A376 /* my-comics */;
			targetProxy = C68AFC9825DAE3FB0005A376 /* PBXContainerItemProxy */;
		};
/* End PBXTargetDependency section */

/* Begin XCBuildConfiguration section */
		C68AFC9E25DAE3FB0005A376 /* Debug */ = {
			isa = XCBuildConfiguration;
			buildSettings = {
				ALWAYS_EMBED_SWIFT_STANDARD_LIBRARIES = NO;
				ALWAYS_SEARCH_USER_PATHS = NO;
				CLANG_ANALYZER_NONNULL = YES;
				CLANG_ANALYZER_NUMBER_OBJECT_CONVERSION = YES_AGGRESSIVE;
				CLANG_CXX_LANGUAGE_STANDARD = "gnu++14";
				CLANG_CXX_LIBRARY = "libc++";
				CLANG_ENABLE_MODULES = YES;
				CLANG_ENABLE_OBJC_ARC = YES;
				CLANG_ENABLE_OBJC_WEAK = YES;
				CLANG_WARN_BLOCK_CAPTURE_AUTORELEASING = YES;
				CLANG_WARN_BOOL_CONVERSION = YES;
				CLANG_WARN_COMMA = YES;
				CLANG_WARN_CONSTANT_CONVERSION = YES;
				CLANG_WARN_DEPRECATED_OBJC_IMPLEMENTATIONS = YES;
				CLANG_WARN_DIRECT_OBJC_ISA_USAGE = YES_ERROR;
				CLANG_WARN_DOCUMENTATION_COMMENTS = YES;
				CLANG_WARN_EMPTY_BODY = YES;
				CLANG_WARN_ENUM_CONVERSION = YES;
				CLANG_WARN_INFINITE_RECURSION = YES;
				CLANG_WARN_INT_CONVERSION = YES;
				CLANG_WARN_NON_LITERAL_NULL_CONVERSION = YES;
				CLANG_WARN_OBJC_IMPLICIT_RETAIN_SELF = YES;
				CLANG_WARN_OBJC_LITERAL_CONVERSION = YES;
				CLANG_WARN_OBJC_ROOT_CLASS = YES_ERROR;
				CLANG_WARN_QUOTED_INCLUDE_IN_FRAMEWORK_HEADER = YES;
				CLANG_WARN_RANGE_LOOP_ANALYSIS = YES;
				CLANG_WARN_STRICT_PROTOTYPES = YES;
				CLANG_WARN_SUSPICIOUS_MOVE = YES;
				CLANG_WARN_UNGUARDED_AVAILABILITY = YES_AGGRESSIVE;
				CLANG_WARN_UNREACHABLE_CODE = YES;
				CLANG_WARN__DUPLICATE_METHOD_MATCH = YES;
				COPY_PHASE_STRIP = NO;
				DEBUG_INFORMATION_FORMAT = dwarf;
				ENABLE_STRICT_OBJC_MSGSEND = YES;
				ENABLE_TESTABILITY = YES;
				GCC_C_LANGUAGE_STANDARD = gnu11;
				GCC_DYNAMIC_NO_PIC = NO;
				GCC_NO_COMMON_BLOCKS = YES;
				GCC_OPTIMIZATION_LEVEL = 0;
				GCC_PREPROCESSOR_DEFINITIONS = (
					"DEBUG=1",
					"$(inherited)",
				);
				GCC_WARN_64_TO_32_BIT_CONVERSION = YES;
				GCC_WARN_ABOUT_RETURN_TYPE = YES_ERROR;
				GCC_WARN_UNDECLARED_SELECTOR = YES;
				GCC_WARN_UNINITIALIZED_AUTOS = YES_AGGRESSIVE;
				GCC_WARN_UNUSED_FUNCTION = YES;
				GCC_WARN_UNUSED_VARIABLE = YES;
				IPHONEOS_DEPLOYMENT_TARGET = 14.0;
				MTL_ENABLE_DEBUG_INFO = INCLUDE_SOURCE;
				MTL_FAST_MATH = YES;
				ONLY_ACTIVE_ARCH = YES;
				SDKROOT = iphoneos;
				SWIFT_ACTIVE_COMPILATION_CONDITIONS = DEBUG;
				SWIFT_OPTIMIZATION_LEVEL = "-Onone";
			};
			name = Debug;
		};
		C68AFC9F25DAE3FB0005A376 /* Release */ = {
			isa = XCBuildConfiguration;
			buildSettings = {
				ALWAYS_EMBED_SWIFT_STANDARD_LIBRARIES = NO;
				ALWAYS_SEARCH_USER_PATHS = NO;
				CLANG_ANALYZER_NONNULL = YES;
				CLANG_ANALYZER_NUMBER_OBJECT_CONVERSION = YES_AGGRESSIVE;
				CLANG_CXX_LANGUAGE_STANDARD = "gnu++14";
				CLANG_CXX_LIBRARY = "libc++";
				CLANG_ENABLE_MODULES = YES;
				CLANG_ENABLE_OBJC_ARC = YES;
				CLANG_ENABLE_OBJC_WEAK = YES;
				CLANG_WARN_BLOCK_CAPTURE_AUTORELEASING = YES;
				CLANG_WARN_BOOL_CONVERSION = YES;
				CLANG_WARN_COMMA = YES;
				CLANG_WARN_CONSTANT_CONVERSION = YES;
				CLANG_WARN_DEPRECATED_OBJC_IMPLEMENTATIONS = YES;
				CLANG_WARN_DIRECT_OBJC_ISA_USAGE = YES_ERROR;
				CLANG_WARN_DOCUMENTATION_COMMENTS = YES;
				CLANG_WARN_EMPTY_BODY = YES;
				CLANG_WARN_ENUM_CONVERSION = YES;
				CLANG_WARN_INFINITE_RECURSION = YES;
				CLANG_WARN_INT_CONVERSION = YES;
				CLANG_WARN_NON_LITERAL_NULL_CONVERSION = YES;
				CLANG_WARN_OBJC_IMPLICIT_RETAIN_SELF = YES;
				CLANG_WARN_OBJC_LITERAL_CONVERSION = YES;
				CLANG_WARN_OBJC_ROOT_CLASS = YES_ERROR;
				CLANG_WARN_QUOTED_INCLUDE_IN_FRAMEWORK_HEADER = YES;
				CLANG_WARN_RANGE_LOOP_ANALYSIS = YES;
				CLANG_WARN_STRICT_PROTOTYPES = YES;
				CLANG_WARN_SUSPICIOUS_MOVE = YES;
				CLANG_WARN_UNGUARDED_AVAILABILITY = YES_AGGRESSIVE;
				CLANG_WARN_UNREACHABLE_CODE = YES;
				CLANG_WARN__DUPLICATE_METHOD_MATCH = YES;
				COPY_PHASE_STRIP = NO;
				DEBUG_INFORMATION_FORMAT = "dwarf-with-dsym";
				ENABLE_NS_ASSERTIONS = NO;
				ENABLE_STRICT_OBJC_MSGSEND = YES;
				GCC_C_LANGUAGE_STANDARD = gnu11;
				GCC_NO_COMMON_BLOCKS = YES;
				GCC_WARN_64_TO_32_BIT_CONVERSION = YES;
				GCC_WARN_ABOUT_RETURN_TYPE = YES_ERROR;
				GCC_WARN_UNDECLARED_SELECTOR = YES;
				GCC_WARN_UNINITIALIZED_AUTOS = YES_AGGRESSIVE;
				GCC_WARN_UNUSED_FUNCTION = YES;
				GCC_WARN_UNUSED_VARIABLE = YES;
				IPHONEOS_DEPLOYMENT_TARGET = 14.0;
				MTL_ENABLE_DEBUG_INFO = NO;
				MTL_FAST_MATH = YES;
				SDKROOT = iphoneos;
				SWIFT_COMPILATION_MODE = wholemodule;
				SWIFT_OPTIMIZATION_LEVEL = "-O";
				VALIDATE_PRODUCT = YES;
			};
			name = Release;
		};
		C68AFCA125DAE3FB0005A376 /* Debug */ = {
			isa = XCBuildConfiguration;
			baseConfigurationReference = DC017C83E2975D957D0AA2CE /* Pods-my-comics.debug.xcconfig */;
			buildSettings = {
				ALWAYS_EMBED_SWIFT_STANDARD_LIBRARIES = "$(inherited)";
				ASSETCATALOG_COMPILER_APPICON_NAME = AppIcon;
				ASSETCATALOG_COMPILER_GLOBAL_ACCENT_COLOR_NAME = AccentColor;
				CODE_SIGN_STYLE = Automatic;
				DEVELOPMENT_ASSET_PATHS = "\"my-comics/Preview Content\"";
				DEVELOPMENT_TEAM = kagehito;
				ENABLE_PREVIEWS = YES;
				INFOPLIST_FILE = "my-comics/Info.plist";
				IPHONEOS_DEPLOYMENT_TARGET = 14.0;
				LD_RUNPATH_SEARCH_PATHS = (
					"$(inherited)",
					"@executable_path/Frameworks",
				);
				PRODUCT_BUNDLE_IDENTIFIER = "com.kagehito.my-comics";
				PRODUCT_NAME = "$(TARGET_NAME)";
				SWIFT_VERSION = 5.0;
				TARGETED_DEVICE_FAMILY = "1,2";
			};
			name = Debug;
		};
		C68AFCA225DAE3FB0005A376 /* Release */ = {
			isa = XCBuildConfiguration;
			baseConfigurationReference = B8CB67D3BB174F2FFAA8438C /* Pods-my-comics.release.xcconfig */;
			buildSettings = {
				ALWAYS_EMBED_SWIFT_STANDARD_LIBRARIES = "$(inherited)";
				ASSETCATALOG_COMPILER_APPICON_NAME = AppIcon;
				ASSETCATALOG_COMPILER_GLOBAL_ACCENT_COLOR_NAME = AccentColor;
				CODE_SIGN_STYLE = Automatic;
				DEVELOPMENT_ASSET_PATHS = "\"my-comics/Preview Content\"";
				DEVELOPMENT_TEAM = kagehito;
				ENABLE_PREVIEWS = YES;
				INFOPLIST_FILE = "my-comics/Info.plist";
				IPHONEOS_DEPLOYMENT_TARGET = 14.0;
				LD_RUNPATH_SEARCH_PATHS = (
					"$(inherited)",
					"@executable_path/Frameworks",
				);
				PRODUCT_BUNDLE_IDENTIFIER = "com.kagehito.my-comics";
				PRODUCT_NAME = "$(TARGET_NAME)";
				SWIFT_VERSION = 5.0;
				TARGETED_DEVICE_FAMILY = "1,2";
			};
			name = Release;
		};
		C68AFCA425DAE3FB0005A376 /* Debug */ = {
			isa = XCBuildConfiguration;
			baseConfigurationReference = 5AC4BA92CF0E1B9CEEE3FF96 /* Pods-my-comicsTests.debug.xcconfig */;
			buildSettings = {
				ALWAYS_EMBED_SWIFT_STANDARD_LIBRARIES = YES;
				BUNDLE_LOADER = "$(TEST_HOST)";
				CODE_SIGN_STYLE = Automatic;
				INFOPLIST_FILE = "my-comicsTests/Info.plist";
				IPHONEOS_DEPLOYMENT_TARGET = 14.0;
				LD_RUNPATH_SEARCH_PATHS = (
					"$(inherited)",
					"@executable_path/Frameworks",
					"@loader_path/Frameworks",
				);
				PRODUCT_BUNDLE_IDENTIFIER = "com.kagehito.my-comicsTests";
				PRODUCT_NAME = "$(TARGET_NAME)";
				SWIFT_VERSION = 5.0;
				TARGETED_DEVICE_FAMILY = "1,2";
				TEST_HOST = "$(BUILT_PRODUCTS_DIR)/my-comics.app/my-comics";
			};
			name = Debug;
		};
		C68AFCA525DAE3FB0005A376 /* Release */ = {
			isa = XCBuildConfiguration;
			baseConfigurationReference = D507F02937C2CA797A8DDF05 /* Pods-my-comicsTests.release.xcconfig */;
			buildSettings = {
				ALWAYS_EMBED_SWIFT_STANDARD_LIBRARIES = YES;
				BUNDLE_LOADER = "$(TEST_HOST)";
				CODE_SIGN_STYLE = Automatic;
				INFOPLIST_FILE = "my-comicsTests/Info.plist";
				IPHONEOS_DEPLOYMENT_TARGET = 14.0;
				LD_RUNPATH_SEARCH_PATHS = (
					"$(inherited)",
					"@executable_path/Frameworks",
					"@loader_path/Frameworks",
				);
				PRODUCT_BUNDLE_IDENTIFIER = "com.kagehito.my-comicsTests";
				PRODUCT_NAME = "$(TARGET_NAME)";
				SWIFT_VERSION = 5.0;
				TARGETED_DEVICE_FAMILY = "1,2";
				TEST_HOST = "$(BUILT_PRODUCTS_DIR)/my-comics.app/my-comics";
			};
			name = Release;
		};
		C68AFCA725DAE3FB0005A376 /* Debug */ = {
			isa = XCBuildConfiguration;
			baseConfigurationReference = 76E3C5F359E835295D79E27E /* Pods-my-comicsUITests.debug.xcconfig */;
			buildSettings = {
				ALWAYS_EMBED_SWIFT_STANDARD_LIBRARIES = YES;
				CODE_SIGN_STYLE = Automatic;
				INFOPLIST_FILE = "my-comicsUITests/Info.plist";
				LD_RUNPATH_SEARCH_PATHS = (
					"$(inherited)",
					"@executable_path/Frameworks",
					"@loader_path/Frameworks",
				);
				PRODUCT_BUNDLE_IDENTIFIER = "com.kagehito.my-comicsUITests";
				PRODUCT_NAME = "$(TARGET_NAME)";
				SWIFT_VERSION = 5.0;
				TARGETED_DEVICE_FAMILY = "1,2";
				TEST_TARGET_NAME = "my-comics";
			};
			name = Debug;
		};
		C68AFCA825DAE3FB0005A376 /* Release */ = {
			isa = XCBuildConfiguration;
			baseConfigurationReference = 496533BC903F40EEAED41F30 /* Pods-my-comicsUITests.release.xcconfig */;
			buildSettings = {
				ALWAYS_EMBED_SWIFT_STANDARD_LIBRARIES = YES;
				CODE_SIGN_STYLE = Automatic;
				INFOPLIST_FILE = "my-comicsUITests/Info.plist";
				LD_RUNPATH_SEARCH_PATHS = (
					"$(inherited)",
					"@executable_path/Frameworks",
					"@loader_path/Frameworks",
				);
				PRODUCT_BUNDLE_IDENTIFIER = "com.kagehito.my-comicsUITests";
				PRODUCT_NAME = "$(TARGET_NAME)";
				SWIFT_VERSION = 5.0;
				TARGETED_DEVICE_FAMILY = "1,2";
				TEST_TARGET_NAME = "my-comics";
			};
			name = Release;
		};
/* End XCBuildConfiguration section */

/* Begin XCConfigurationList section */
		C68AFC7625DAE3F20005A376 /* Build configuration list for PBXProject "my-comics" */ = {
			isa = XCConfigurationList;
			buildConfigurations = (
				C68AFC9E25DAE3FB0005A376 /* Debug */,
				C68AFC9F25DAE3FB0005A376 /* Release */,
			);
			defaultConfigurationIsVisible = 0;
			defaultConfigurationName = Release;
		};
		C68AFCA025DAE3FB0005A376 /* Build configuration list for PBXNativeTarget "my-comics" */ = {
			isa = XCConfigurationList;
			buildConfigurations = (
				C68AFCA125DAE3FB0005A376 /* Debug */,
				C68AFCA225DAE3FB0005A376 /* Release */,
			);
			defaultConfigurationIsVisible = 0;
			defaultConfigurationName = Release;
		};
		C68AFCA325DAE3FB0005A376 /* Build configuration list for PBXNativeTarget "my-comicsTests" */ = {
			isa = XCConfigurationList;
			buildConfigurations = (
				C68AFCA425DAE3FB0005A376 /* Debug */,
				C68AFCA525DAE3FB0005A376 /* Release */,
			);
			defaultConfigurationIsVisible = 0;
			defaultConfigurationName = Release;
		};
		C68AFCA625DAE3FB0005A376 /* Build configuration list for PBXNativeTarget "my-comicsUITests" */ = {
			isa = XCConfigurationList;
			buildConfigurations = (
				C68AFCA725DAE3FB0005A376 /* Debug */,
				C68AFCA825DAE3FB0005A376 /* Release */,
			);
			defaultConfigurationIsVisible = 0;
			defaultConfigurationName = Release;
		};
/* End XCConfigurationList section */
	};
	rootObject = C68AFC7325DAE3F20005A376 /* Project object */;
}
